
Microsoft Visual Studio Solution File, Format Version 10.00
# Visual C++ Express 2008
Project("{8BC9CEB8-8B4A-11D0-8D11-00A0C91BC942}") = "momoclo_quiz", "momoclo_quiz\momoclo_quiz.vcproj", "{109AAE3A-DFF5-4B6F-9FD7-22F61456051C}"
EndProject
Global
	GlobalSection(SolutionConfigurationPlatforms) = preSolution
		Debug|Win32 = Debug|Win32
		Release|Win32 = Release|Win32
	EndGlobalSection
	GlobalSection(ProjectConfigurationPlatforms) = postSolution
		{109AAE3A-DFF5-4B6F-9FD7-22F61456051C}.Debug|Win32.ActiveCfg = Debug|Win32
		{109AAE3A-DFF5-4B6F-9FD7-22F61456051C}.Debug|Win32.Build.0 = Debug|Win32
		{109AAE3A-DFF5-4B6F-9FD7-22F61456051C}.Release|Win32.ActiveCfg = Release|Win32
		{109AAE3A-DFF5-4B6F-9FD7-22F61456051C}.Release|Win32.Build.0 = Release|Win32
	EndGlobalSection
	GlobalSection(SolutionProperties) = preSolution
		HideSolutionNode = FALSE
	EndGlobalSection
EndGlobal
